
Microsoft Visual Studio Solution File, Format Version 10.00
# Visual C# Express 2008
Project("{FAE04EC0-301F-11D3-BF4B-00C04F79EFBC}") = "HeatonResearchNeural", "HeatonResearchNeural\HeatonResearchNeural.csproj", "{D624CAB2-2A2E-4236-ACA6-7FD0256C9D0E}"
EndProject
Project("{FAE04EC0-301F-11D3-BF4B-00C04F79EFBC}") = "HeatonResearchSpider", "HeatonResearchSpider\HeatonResearchSpider.csproj", "{632A1460-BB77-4DE8-A699-E828BD0B0864}"
EndProject
Project("{FAE04EC0-301F-11D3-BF4B-00C04F79EFBC}") = "Chapter03Console", "Chapter03Console\Chapter03Console.csproj", "{C9C954B0-C091-46E8-90BA-2106B0DAB9B5}"
EndProject
Project("{FAE04EC0-301F-11D3-BF4B-00C04F79EFBC}") = "Chapter04Hebb", "Chapter04Hebb\Chapter04Hebb.csproj", "{EEA38784-4039-4352-BEFF-C89364955B5B}"
EndProject
Project("{FAE04EC0-301F-11D3-BF4B-00C04F79EFBC}") = "Chapter04Delta", "Chapter04Delta\Chapter04Delta.csproj", "{65197DAA-7671-4F9C-B14B-168B7B822074}"
EndProject
Project("{FAE04EC0-301F-11D3-BF4B-00C04F79EFBC}") = "Chapter05XOR", "Chapter5XOR\Chapter05XOR.csproj", "{ED4E7B63-E30D-4EC2-883C-BBEA6473EEF3}"
EndProject
Project("{FAE04EC0-301F-11D3-BF4B-00C04F79EFBC}") = "Chapter07AnnealXOR", "Chapter6XOR\Chapter07AnnealXOR.csproj", "{D1E5330B-F2AC-47A2-83AE-881DFA15A529}"
EndProject
Project("{FAE04EC0-301F-11D3-BF4B-00C04F79EFBC}") = "Chapter06GeneticXOR", "Chapter6GeneticXOR\Chapter06GeneticXOR.csproj", "{29BED91A-D1A5-4626-9971-81ECD12021DE}"
EndProject
Project("{FAE04EC0-301F-11D3-BF4B-00C04F79EFBC}") = "Chapter06TicTacToe", "Chapter6TicTacToe\Chapter06TicTacToe.csproj", "{BE24F5B2-E45F-4460-B37D-5136B040EB0B}"
EndProject
Project("{FAE04EC0-301F-11D3-BF4B-00C04F79EFBC}") = "Chapter03App", "Chapter03App\Chapter03App.csproj", "{426ED571-B43B-4D45-A37F-2FB854143AEA}"
EndProject
Project("{FAE04EC0-301F-11D3-BF4B-00C04F79EFBC}") = "Chapter03Pattern", "Chapter03Pattern\Chapter03Pattern.csproj", "{02EE8F7A-C049-48D5-9F9E-52E5F37424BD}"
EndProject
Project("{FAE04EC0-301F-11D3-BF4B-00C04F79EFBC}") = "Chapter07AnnealTSP", "Chapter07AnnealTSP\Chapter07AnnealTSP.csproj", "{75133E1C-CA06-478C-9FE2-0EAA3C2CF1C4}"
EndProject
Project("{FAE04EC0-301F-11D3-BF4B-00C04F79EFBC}") = "Chapter06GeneticTSP", "Chapter06GeneticTSP\Chapter06GeneticTSP.csproj", "{2BAB1D88-C425-4EDB-A2DA-2C736DAE91B8}"
EndProject
Project("{FAE04EC0-301F-11D3-BF4B-00C04F79EFBC}") = "Chapter08PruneIncremental", "Chapter08PruneIncremental\Chapter08PruneIncremental.csproj", "{B214D270-9A6A-4E24-AE45-7697BE17B73F}"
EndProject
Project("{FAE04EC0-301F-11D3-BF4B-00C04F79EFBC}") = "Chapter08PruneSelective", "Chapter08PruneSelective\Chapter08PruneSelective.csproj", "{C80D430D-AEB6-4416-8076-CE7D516AACAC}"
EndProject
Project("{FAE04EC0-301F-11D3-BF4B-00C04F79EFBC}") = "Chapter09Predict", "Chapter09Predict\Chapter09Predict.csproj", "{E2BE04FC-403A-42F5-947F-6E3E8FD805BB}"
EndProject
Project("{FAE04EC0-301F-11D3-BF4B-00C04F79EFBC}") = "Chapter10SP500", "Chapter10SP500\Chapter10SP500.csproj", "{BED8B49E-BE85-4FDB-8DE6-8F9BDE3C262C}"
EndProject
Project("{FAE04EC0-301F-11D3-BF4B-00C04F79EFBC}") = "Chapter11TestSOM", "Chapter11TestSOM\Chapter11TestSOM.csproj", "{1F574E06-B8A0-4CFE-B755-5610C3D189EB}"
EndProject
Project("{FAE04EC0-301F-11D3-BF4B-00C04F79EFBC}") = "Chapter12OCR", "Chapter12OCR\Chapter12OCR.csproj", "{8DB27218-5F41-4A60-8E19-629633465CAA}"
EndProject
Project("{FAE04EC0-301F-11D3-BF4B-00C04F79EFBC}") = "Chapter13Bot", "Chapter13Bot\Chapter13Bot.csproj", "{2754D454-D69E-4044-B30F-C90D2034AC25}"
EndProject
Global
	GlobalSection(SolutionConfigurationPlatforms) = preSolution
		Debug|Any CPU = Debug|Any CPU
		Release|Any CPU = Release|Any CPU
	EndGlobalSection
	GlobalSection(ProjectConfigurationPlatforms) = postSolution
		{D624CAB2-2A2E-4236-ACA6-7FD0256C9D0E}.Debug|Any CPU.ActiveCfg = Debug|Any CPU
		{D624CAB2-2A2E-4236-ACA6-7FD0256C9D0E}.Debug|Any CPU.Build.0 = Debug|Any CPU
		{D624CAB2-2A2E-4236-ACA6-7FD0256C9D0E}.Release|Any CPU.ActiveCfg = Release|Any CPU
		{D624CAB2-2A2E-4236-ACA6-7FD0256C9D0E}.Release|Any CPU.Build.0 = Release|Any CPU
		{632A1460-BB77-4DE8-A699-E828BD0B0864}.Debug|Any CPU.ActiveCfg = Debug|Any CPU
		{632A1460-BB77-4DE8-A699-E828BD0B0864}.Debug|Any CPU.Build.0 = Debug|Any CPU
		{632A1460-BB77-4DE8-A699-E828BD0B0864}.Release|Any CPU.ActiveCfg = Release|Any CPU
		{632A1460-BB77-4DE8-A699-E828BD0B0864}.Release|Any CPU.Build.0 = Release|Any CPU
		{C9C954B0-C091-46E8-90BA-2106B0DAB9B5}.Debug|Any CPU.ActiveCfg = Debug|Any CPU
		{C9C954B0-C091-46E8-90BA-2106B0DAB9B5}.Debug|Any CPU.Build.0 = Debug|Any CPU
		{C9C954B0-C091-46E8-90BA-2106B0DAB9B5}.Release|Any CPU.ActiveCfg = Release|Any CPU
		{C9C954B0-C091-46E8-90BA-2106B0DAB9B5}.Release|Any CPU.Build.0 = Release|Any CPU
		{EEA38784-4039-4352-BEFF-C89364955B5B}.Debug|Any CPU.ActiveCfg = Debug|Any CPU
		{EEA38784-4039-4352-BEFF-C89364955B5B}.Debug|Any CPU.Build.0 = Debug|Any CPU
		{EEA38784-4039-4352-BEFF-C89364955B5B}.Release|Any CPU.ActiveCfg = Release|Any CPU
		{EEA38784-4039-4352-BEFF-C89364955B5B}.Release|Any CPU.Build.0 = Release|Any CPU
		{65197DAA-7671-4F9C-B14B-168B7B822074}.Debug|Any CPU.ActiveCfg = Debug|Any CPU
		{65197DAA-7671-4F9C-B14B-168B7B822074}.Debug|Any CPU.Build.0 = Debug|Any CPU
		{65197DAA-7671-4F9C-B14B-168B7B822074}.Release|Any CPU.ActiveCfg = Release|Any CPU
		{65197DAA-7671-4F9C-B14B-168B7B822074}.Release|Any CPU.Build.0 = Release|Any CPU
		{ED4E7B63-E30D-4EC2-883C-BBEA6473EEF3}.Debug|Any CPU.ActiveCfg = Debug|Any CPU
		{ED4E7B63-E30D-4EC2-883C-BBEA6473EEF3}.Debug|Any CPU.Build.0 = Debug|Any CPU
		{ED4E7B63-E30D-4EC2-883C-BBEA6473EEF3}.Release|Any CPU.ActiveCfg = Release|Any CPU
		{ED4E7B63-E30D-4EC2-883C-BBEA6473EEF3}.Release|Any CPU.Build.0 = Release|Any CPU
		{D1E5330B-F2AC-47A2-83AE-881DFA15A529}.Debug|Any CPU.ActiveCfg = Debug|Any CPU
		{D1E5330B-F2AC-47A2-83AE-881DFA15A529}.Debug|Any CPU.Build.0 = Debug|Any CPU
		{D1E5330B-F2AC-47A2-83AE-881DFA15A529}.Release|Any CPU.ActiveCfg = Release|Any CPU
		{D1E5330B-F2AC-47A2-83AE-881DFA15A529}.Release|Any CPU.Build.0 = Release|Any CPU
		{29BED91A-D1A5-4626-9971-81ECD12021DE}.Debug|Any CPU.ActiveCfg = Debug|Any CPU
		{29BED91A-D1A5-4626-9971-81ECD12021DE}.Debug|Any CPU.Build.0 = Debug|Any CPU
		{29BED91A-D1A5-4626-9971-81ECD12021DE}.Release|Any CPU.ActiveCfg = Release|Any CPU
		{29BED91A-D1A5-4626-9971-81ECD12021DE}.Release|Any CPU.Build.0 = Release|Any CPU
		{BE24F5B2-E45F-4460-B37D-5136B040EB0B}.Debug|Any CPU.ActiveCfg = Debug|Any CPU
		{BE24F5B2-E45F-4460-B37D-5136B040EB0B}.Debug|Any CPU.Build.0 = Debug|Any CPU
		{BE24F5B2-E45F-4460-B37D-5136B040EB0B}.Release|Any CPU.ActiveCfg = Release|Any CPU
		{BE24F5B2-E45F-4460-B37D-5136B040EB0B}.Release|Any CPU.Build.0 = Release|Any CPU
		{426ED571-B43B-4D45-A37F-2FB854143AEA}.Debug|Any CPU.ActiveCfg = Debug|Any CPU
		{426ED571-B43B-4D45-A37F-2FB854143AEA}.Debug|Any CPU.Build.0 = Debug|Any CPU
		{426ED571-B43B-4D45-A37F-2FB854143AEA}.Release|Any CPU.ActiveCfg = Release|Any CPU
		{426ED571-B43B-4D45-A37F-2FB854143AEA}.Release|Any CPU.Build.0 = Release|Any CPU
		{02EE8F7A-C049-48D5-9F9E-52E5F37424BD}.Debug|Any CPU.ActiveCfg = Debug|Any CPU
		{02EE8F7A-C049-48D5-9F9E-52E5F37424BD}.Debug|Any CPU.Build.0 = Debug|Any CPU
		{02EE8F7A-C049-48D5-9F9E-52E5F37424BD}.Release|Any CPU.ActiveCfg = Release|Any CPU
		{02EE8F7A-C049-48D5-9F9E-52E5F37424BD}.Release|Any CPU.Build.0 = Release|Any CPU
		{75133E1C-CA06-478C-9FE2-0EAA3C2CF1C4}.Debug|Any CPU.ActiveCfg = Debug|Any CPU
		{75133E1C-CA06-478C-9FE2-0EAA3C2CF1C4}.Debug|Any CPU.Build.0 = Debug|Any CPU
		{75133E1C-CA06-478C-9FE2-0EAA3C2CF1C4}.Release|Any CPU.ActiveCfg = Release|Any CPU
		{75133E1C-CA06-478C-9FE2-0EAA3C2CF1C4}.Release|Any CPU.Build.0 = Release|Any CPU
		{2BAB1D88-C425-4EDB-A2DA-2C736DAE91B8}.Debug|Any CPU.ActiveCfg = Debug|Any CPU
		{2BAB1D88-C425-4EDB-A2DA-2C736DAE91B8}.Debug|Any CPU.Build.0 = Debug|Any CPU
		{2BAB1D88-C425-4EDB-A2DA-2C736DAE91B8}.Release|Any CPU.ActiveCfg = Release|Any CPU
		{2BAB1D88-C425-4EDB-A2DA-2C736DAE91B8}.Release|Any CPU.Build.0 = Release|Any CPU
		{B214D270-9A6A-4E24-AE45-7697BE17B73F}.Debug|Any CPU.ActiveCfg = Debug|Any CPU
		{B214D270-9A6A-4E24-AE45-7697BE17B73F}.Debug|Any CPU.Build.0 = Debug|Any CPU
		{B214D270-9A6A-4E24-AE45-7697BE17B73F}.Release|Any CPU.ActiveCfg = Release|Any CPU
		{B214D270-9A6A-4E24-AE45-7697BE17B73F}.Release|Any CPU.Build.0 = Release|Any CPU
		{C80D430D-AEB6-4416-8076-CE7D516AACAC}.Debug|Any CPU.ActiveCfg = Debug|Any CPU
		{C80D430D-AEB6-4416-8076-CE7D516AACAC}.Debug|Any CPU.Build.0 = Debug|Any CPU
		{C80D430D-AEB6-4416-8076-CE7D516AACAC}.Release|Any CPU.ActiveCfg = Release|Any CPU
		{C80D430D-AEB6-4416-8076-CE7D516AACAC}.Release|Any CPU.Build.0 = Release|Any CPU
		{E2BE04FC-403A-42F5-947F-6E3E8FD805BB}.Debug|Any CPU.ActiveCfg = Debug|Any CPU
		{E2BE04FC-403A-42F5-947F-6E3E8FD805BB}.Debug|Any CPU.Build.0 = Debug|Any CPU
		{E2BE04FC-403A-42F5-947F-6E3E8FD805BB}.Release|Any CPU.ActiveCfg = Release|Any CPU
		{E2BE04FC-403A-42F5-947F-6E3E8FD805BB}.Release|Any CPU.Build.0 = Release|Any CPU
		{BED8B49E-BE85-4FDB-8DE6-8F9BDE3C262C}.Debug|Any CPU.ActiveCfg = Debug|Any CPU
		{BED8B49E-BE85-4FDB-8DE6-8F9BDE3C262C}.Debug|Any CPU.Build.0 = Debug|Any CPU
		{BED8B49E-BE85-4FDB-8DE6-8F9BDE3C262C}.Release|Any CPU.ActiveCfg = Release|Any CPU
		{BED8B49E-BE85-4FDB-8DE6-8F9BDE3C262C}.Release|Any CPU.Build.0 = Release|Any CPU
		{1F574E06-B8A0-4CFE-B755-5610C3D189EB}.Debug|Any CPU.ActiveCfg = Debug|Any CPU
		{1F574E06-B8A0-4CFE-B755-5610C3D189EB}.Debug|Any CPU.Build.0 = Debug|Any CPU
		{1F574E06-B8A0-4CFE-B755-5610C3D189EB}.Release|Any CPU.ActiveCfg = Release|Any CPU
		{1F574E06-B8A0-4CFE-B755-5610C3D189EB}.Release|Any CPU.Build.0 = Release|Any CPU
		{8DB27218-5F41-4A60-8E19-629633465CAA}.Debug|Any CPU.ActiveCfg = Debug|Any CPU
		{8DB27218-5F41-4A60-8E19-629633465CAA}.Debug|Any CPU.Build.0 = Debug|Any CPU
		{8DB27218-5F41-4A60-8E19-629633465CAA}.Release|Any CPU.ActiveCfg = Release|Any CPU
		{8DB27218-5F41-4A60-8E19-629633465CAA}.Release|Any CPU.Build.0 = Release|Any CPU
		{2754D454-D69E-4044-B30F-C90D2034AC25}.Debug|Any CPU.ActiveCfg = Debug|Any CPU
		{2754D454-D69E-4044-B30F-C90D2034AC25}.Debug|Any CPU.Build.0 = Debug|Any CPU
		{2754D454-D69E-4044-B30F-C90D2034AC25}.Release|Any CPU.ActiveCfg = Release|Any CPU
		{2754D454-D69E-4044-B30F-C90D2034AC25}.Release|Any CPU.Build.0 = Release|Any CPU
	EndGlobalSection
	GlobalSection(SolutionProperties) = preSolution
		HideSolutionNode = FALSE
	EndGlobalSection
EndGlobal
