Microsoft Visual Studio Solution File, Format Version 9.00
# Visual Studio 2005
Project("{2150E333-8FDC-42A3-9474-1A3956D46DE8}") = "Recipes", "Recipes", "{6881418A-9CE1-40E0-BB5B-844B4A0E6CA8}"
EndProject
Project("{FAE04EC0-301F-11D3-BF4B-00C04F79EFBC}") = "HeatonResearchSpider", "HeatonResearchSpider\HeatonResearchSpider.csproj", "{632A1460-BB77-4DE8-A699-E828BD0B0864}"
EndProject
Project("{2150E333-8FDC-42A3-9474-1A3956D46DE8}") = "Chapter4", "Chapter4", "{0D9DD051-0482-4215-927E-75C03241442C}"
EndProject
Project("{FAE04EC0-301F-11D3-BF4B-00C04F79EFBC}") = "Recipe4_1", "Recipe4_1\Recipe4_1.csproj", "{A091A979-7D51-4ED3-B2AD-2FD6EFBFA1A2}"
EndProject
Project("{FAE04EC0-301F-11D3-BF4B-00C04F79EFBC}") = "Recipe4_2", "Recipe4_2\Recipe4_2.csproj", "{547C938D-3F21-4F80-9FF7-08C698A2CF81}"
EndProject
Project("{FAE04EC0-301F-11D3-BF4B-00C04F79EFBC}") = "Recipe4_3", "Recipe4_3\Recipe4_3.csproj", "{89AED65E-C1F1-49BF-B73E-3DB4E6757EBE}"
EndProject
Project("{FAE04EC0-301F-11D3-BF4B-00C04F79EFBC}") = "Recipe4_4", "Recipe4_4\Recipe4_4.csproj", "{B08104F4-5607-42CA-ABD8-D8AF8F61C556}"
EndProject
Project("{2150E333-8FDC-42A3-9474-1A3956D46DE8}") = "Chapter5", "Chapter5", "{6BD23568-9CA8-42F6-B4F6-4C7453B2E12B}"
EndProject
Project("{FAE04EC0-301F-11D3-BF4B-00C04F79EFBC}") = "Recipe5_1", "Recipe5_1\Recipe5_1.csproj", "{456F7F98-620F-44A0-B7F9-714017EB8CFA}"
EndProject
Project("{FAE04EC0-301F-11D3-BF4B-00C04F79EFBC}") = "Recipe5_2", "Recipe5_2\Recipe5_2.csproj", "{3954810F-1DF6-492F-96BB-88552E31448E}"
EndProject
Project("{FAE04EC0-301F-11D3-BF4B-00C04F79EFBC}") = "Recipe6_1", "Recipe6_1\Recipe6_1.csproj", "{1986817A-220A-4BB0-9446-34EE45706FDF}"
EndProject
Project("{2150E333-8FDC-42A3-9474-1A3956D46DE8}") = "Chapter6", "Chapter6", "{386AE657-33CA-4EB8-8C02-07C9D7EF9588}"
EndProject
Project("{FAE04EC0-301F-11D3-BF4B-00C04F79EFBC}") = "Recipe6_2", "Recipe6_2\Recipe6_2.csproj", "{3B9C8A79-7DC1-42FD-B088-0F24AEC81208}"
EndProject
Project("{FAE04EC0-301F-11D3-BF4B-00C04F79EFBC}") = "Recipe6_3", "Recipe6_3\Recipe6_3.csproj", "{15433012-4BD4-44E0-9072-8E2B93E6025F}"
EndProject
Project("{FAE04EC0-301F-11D3-BF4B-00C04F79EFBC}") = "Recipe6_4", "Recipe6_4\Recipe6_4.csproj", "{6FA0B5D6-B6F7-4907-9B9A-1B2D36740BD1}"
EndProject
Project("{FAE04EC0-301F-11D3-BF4B-00C04F79EFBC}") = "Recipe6_5", "Recipe6_5\Recipe6_5.csproj", "{D6AC0B56-D177-42B6-A9E3-617AE641C066}"
EndProject
Project("{FAE04EC0-301F-11D3-BF4B-00C04F79EFBC}") = "Recipe6_6", "Recipe6_6\Recipe6_6.csproj", "{E1870798-8F46-4845-B422-A9BF33262018}"
EndProject
Project("{FAE04EC0-301F-11D3-BF4B-00C04F79EFBC}") = "Recipe6_7", "Recipe6_7\Recipe6_7.csproj", "{0326ECF3-C6BE-4ED8-B469-8E46858981BF}"
EndProject
Project("{2150E333-8FDC-42A3-9474-1A3956D46DE8}") = "Chapter7", "Chapter7", "{E6EEBEBE-D994-4C86-873C-D1BC6A41A441}"
EndProject
Project("{FAE04EC0-301F-11D3-BF4B-00C04F79EFBC}") = "Recipe7_1", "Recipe7_1\Recipe7_1.csproj", "{8B13CA8E-9322-443C-B7BF-C90C48991421}"
EndProject
Project("{FAE04EC0-301F-11D3-BF4B-00C04F79EFBC}") = "Recipe7_2", "Recipe7_2\Recipe7_2.csproj", "{0DDCAE62-3863-41E1-B891-75F0D98FA9D2}"
EndProject
Project("{FAE04EC0-301F-11D3-BF4B-00C04F79EFBC}") = "Recipe7_3", "Recipe7_3\Recipe7_3.csproj", "{9AE81902-2C67-47C1-8E1B-B7AD47CF5DCF}"
EndProject
Project("{2150E333-8FDC-42A3-9474-1A3956D46DE8}") = "Chapter8", "Chapter8", "{1A810E8F-BF39-4E6F-A926-4A5E3C2AF1ED}"
EndProject
Project("{FAE04EC0-301F-11D3-BF4B-00C04F79EFBC}") = "Recipe8_1", "Recipe8_1\Recipe8_1.csproj", "{D82995DA-86C2-4D97-A028-B3776A8CB888}"
EndProject
Project("{FAE04EC0-301F-11D3-BF4B-00C04F79EFBC}") = "Recipe8_2", "Recipe8_2\Recipe8_2.csproj", "{05F6DE7E-1EC3-4726-8709-6FD7F70E38A9}"
EndProject
Project("{2150E333-8FDC-42A3-9474-1A3956D46DE8}") = "Chapter9", "Chapter9", "{111FAF5A-99D3-4816-ABA2-6E8773EF4E3D}"
EndProject
Project("{FAE04EC0-301F-11D3-BF4B-00C04F79EFBC}") = "Recipe9_1", "Recipe9_1\Recipe9_1.csproj", "{C02425DE-F0DC-4C47-A125-24D8AFB2426C}"
EndProject
Project("{FAE04EC0-301F-11D3-BF4B-00C04F79EFBC}") = "Recipe9_2", "Recipe9_2\Recipe9_2.csproj", "{E07A205D-A75E-4EA9-9D83-2113C388F0D0}"
EndProject
Project("{FAE04EC0-301F-11D3-BF4B-00C04F79EFBC}") = "Recipe9_3", "Recipe9_3\Recipe9_3.csproj", "{4630A314-C1DC-48E6-99EF-45DE830BA991}"
EndProject
Project("{2150E333-8FDC-42A3-9474-1A3956D46DE8}") = "Chapter10", "Chapter10", "{5DE9D987-EB57-48F0-89D0-E5303A249700}"
EndProject
Project("{FAE04EC0-301F-11D3-BF4B-00C04F79EFBC}") = "Recipe10_1", "Recipe10_1\Recipe10_1.csproj", "{AD82EBFA-0B24-4E70-857F-F6DBCA8070E0}"
EndProject
Project("{FAE04EC0-301F-11D3-BF4B-00C04F79EFBC}") = "Recipe10_2", "Recipe10_2\Recipe10_2.csproj", "{26FC617A-8DE6-40A5-86F6-22F01C13B71B}"
EndProject
Project("{2150E333-8FDC-42A3-9474-1A3956D46DE8}") = "Chapter11", "Chapter11", "{598238B6-8CA5-4462-AEF3-530F308EE45D}"
EndProject
Project("{FAE04EC0-301F-11D3-BF4B-00C04F79EFBC}") = "Recipe11_1", "Recipe11_1\Recipe11_1.csproj", "{BC1D719F-0E47-49C3-8A27-42E3004766C3}"
EndProject
Project("{FAE04EC0-301F-11D3-BF4B-00C04F79EFBC}") = "Recipe11_2", "Recipe11_2\Recipe11_2.csproj", "{ED1C00AF-3D39-4544-B1F0-9984BF18534C}"
EndProject
Project("{FAE04EC0-301F-11D3-BF4B-00C04F79EFBC}") = "Recipe11_3", "Recipe11_3\Recipe11_3.csproj", "{0AAD5A7C-104B-4EED-A708-E1EA202AC140}"
EndProject
Project("{2150E333-8FDC-42A3-9474-1A3956D46DE8}") = "Chapter12", "Chapter12", "{46A50153-7325-458B-B36C-0C0966AF8A73}"
EndProject
Project("{FAE04EC0-301F-11D3-BF4B-00C04F79EFBC}") = "Recipe12_1", "Recipe12_1\Recipe12_1.csproj", "{7442CDC2-23FF-4C20-9493-1671242678B7}"
EndProject
Project("{FAE04EC0-301F-11D3-BF4B-00C04F79EFBC}") = "Recipe12_2", "Recipe12_2\Recipe12_2.csproj", "{E5DA9AF2-8672-4F6C-8B38-6B8FE8DE07BB}"
EndProject
Project("{FAE04EC0-301F-11D3-BF4B-00C04F79EFBC}") = "Recipe13_1", "Recipe13_1\Recipe13_1.csproj", "{7DA6BC3D-D79C-496E-871D-3987680946DE}"
EndProject
Project("{2150E333-8FDC-42A3-9474-1A3956D46DE8}") = "Chapter13", "Chapter13", "{A4F1E7C6-6271-4241-B683-D514C1F36171}"
EndProject
Project("{FAE04EC0-301F-11D3-BF4B-00C04F79EFBC}") = "Recipe13_2", "Recipe13_2\Recipe13_2.csproj", "{DEF48947-51BC-4CB0-BE9B-13BEF7916AD6}"
EndProject
Project("{FAE04EC0-301F-11D3-BF4B-00C04F79EFBC}") = "Recipe13_3", "Recipe13_3\Recipe13_3.csproj", "{A025048E-28EC-41AC-95E1-18E3CF68B5AF}"
EndProject
Project("{FAE04EC0-301F-11D3-BF4B-00C04F79EFBC}") = "Recipe13_4", "Recipe13_4\Recipe13_4.csproj", "{8532D267-B549-4156-9B64-30F38192CD40}"
EndProject
Project("{2150E333-8FDC-42A3-9474-1A3956D46DE8}") = "Chapter3", "Chapter3", "{0F949C2B-443B-4964-B563-C2C3529CC60A}"
EndProject
Project("{FAE04EC0-301F-11D3-BF4B-00C04F79EFBC}") = "Recipe3_1", "Recipe3_1\Recipe3_1.csproj", "{A61B8017-0DC4-4F0B-A481-608BF75B397C}"
EndProject
Project("{FAE04EC0-301F-11D3-BF4B-00C04F79EFBC}") = "Recipe3_2", "Recipe3_2\Recipe3_2.csproj", "{168A95A8-DAE3-4B50-A206-4545334F4C8D}"
EndProject
Project("{FAE04EC0-301F-11D3-BF4B-00C04F79EFBC}") = "Recipe3_3", "Recipe3_3\Recipe3_3.csproj", "{D773FB97-70E3-4A00-B190-78574A5C1579}"
EndProject
Project("{FAE04EC0-301F-11D3-BF4B-00C04F79EFBC}") = "Recipe3_4", "Recipe3_4\Recipe3_4.csproj", "{A3EE370D-6359-4C97-B7D2-94F4107CA8F8}"
EndProject
Project("{FAE04EC0-301F-11D3-BF4B-00C04F79EFBC}") = "Recipe3_5", "Recipe3_5\Recipe3_5.csproj", "{BAAC70DA-00F0-4B06-A30D-F141EE9F23FB}"
EndProject
Project("{2150E333-8FDC-42A3-9474-1A3956D46DE8}") = "Chapter1", "Chapter1", "{E425EB86-4EEB-4D28-BA86-90C67197E32F}"
EndProject
Project("{FAE04EC0-301F-11D3-BF4B-00C04F79EFBC}") = "Recipe1_1", "Recipe1_1\Recipe1_1.csproj", "{8E9C0E53-7FCA-4A7C-ABD9-C89DC6B74857}"
EndProject
Project("{FAE04EC0-301F-11D3-BF4B-00C04F79EFBC}") = "Recipe1_2", "Recipe1_2\Recipe1_2.csproj", "{5A9FBD65-C655-4348-B970-0880CBB402F5}"
EndProject
Global
	GlobalSection(SolutionConfigurationPlatforms) = preSolution
		Debug|Any CPU = Debug|Any CPU
		Release|Any CPU = Release|Any CPU
	EndGlobalSection
	GlobalSection(ProjectConfigurationPlatforms) = postSolution
		{632A1460-BB77-4DE8-A699-E828BD0B0864}.Debug|Any CPU.ActiveCfg = Debug|Any CPU
		{632A1460-BB77-4DE8-A699-E828BD0B0864}.Debug|Any CPU.Build.0 = Debug|Any CPU
		{632A1460-BB77-4DE8-A699-E828BD0B0864}.Release|Any CPU.ActiveCfg = Release|Any CPU
		{632A1460-BB77-4DE8-A699-E828BD0B0864}.Release|Any CPU.Build.0 = Release|Any CPU
		{A091A979-7D51-4ED3-B2AD-2FD6EFBFA1A2}.Debug|Any CPU.ActiveCfg = Debug|Any CPU
		{A091A979-7D51-4ED3-B2AD-2FD6EFBFA1A2}.Debug|Any CPU.Build.0 = Debug|Any CPU
		{A091A979-7D51-4ED3-B2AD-2FD6EFBFA1A2}.Release|Any CPU.ActiveCfg = Release|Any CPU
		{A091A979-7D51-4ED3-B2AD-2FD6EFBFA1A2}.Release|Any CPU.Build.0 = Release|Any CPU
		{547C938D-3F21-4F80-9FF7-08C698A2CF81}.Debug|Any CPU.ActiveCfg = Debug|Any CPU
		{547C938D-3F21-4F80-9FF7-08C698A2CF81}.Debug|Any CPU.Build.0 = Debug|Any CPU
		{547C938D-3F21-4F80-9FF7-08C698A2CF81}.Release|Any CPU.ActiveCfg = Release|Any CPU
		{547C938D-3F21-4F80-9FF7-08C698A2CF81}.Release|Any CPU.Build.0 = Release|Any CPU
		{89AED65E-C1F1-49BF-B73E-3DB4E6757EBE}.Debug|Any CPU.ActiveCfg = Debug|Any CPU
		{89AED65E-C1F1-49BF-B73E-3DB4E6757EBE}.Debug|Any CPU.Build.0 = Debug|Any CPU
		{89AED65E-C1F1-49BF-B73E-3DB4E6757EBE}.Release|Any CPU.ActiveCfg = Release|Any CPU
		{89AED65E-C1F1-49BF-B73E-3DB4E6757EBE}.Release|Any CPU.Build.0 = Release|Any CPU
		{B08104F4-5607-42CA-ABD8-D8AF8F61C556}.Debug|Any CPU.ActiveCfg = Debug|Any CPU
		{B08104F4-5607-42CA-ABD8-D8AF8F61C556}.Debug|Any CPU.Build.0 = Debug|Any CPU
		{B08104F4-5607-42CA-ABD8-D8AF8F61C556}.Release|Any CPU.ActiveCfg = Release|Any CPU
		{B08104F4-5607-42CA-ABD8-D8AF8F61C556}.Release|Any CPU.Build.0 = Release|Any CPU
		{456F7F98-620F-44A0-B7F9-714017EB8CFA}.Debug|Any CPU.ActiveCfg = Debug|Any CPU
		{456F7F98-620F-44A0-B7F9-714017EB8CFA}.Debug|Any CPU.Build.0 = Debug|Any CPU
		{456F7F98-620F-44A0-B7F9-714017EB8CFA}.Release|Any CPU.ActiveCfg = Release|Any CPU
		{456F7F98-620F-44A0-B7F9-714017EB8CFA}.Release|Any CPU.Build.0 = Release|Any CPU
		{3954810F-1DF6-492F-96BB-88552E31448E}.Debug|Any CPU.ActiveCfg = Debug|Any CPU
		{3954810F-1DF6-492F-96BB-88552E31448E}.Debug|Any CPU.Build.0 = Debug|Any CPU
		{3954810F-1DF6-492F-96BB-88552E31448E}.Release|Any CPU.ActiveCfg = Release|Any CPU
		{3954810F-1DF6-492F-96BB-88552E31448E}.Release|Any CPU.Build.0 = Release|Any CPU
		{1986817A-220A-4BB0-9446-34EE45706FDF}.Debug|Any CPU.ActiveCfg = Debug|Any CPU
		{1986817A-220A-4BB0-9446-34EE45706FDF}.Debug|Any CPU.Build.0 = Debug|Any CPU
		{1986817A-220A-4BB0-9446-34EE45706FDF}.Release|Any CPU.ActiveCfg = Release|Any CPU
		{1986817A-220A-4BB0-9446-34EE45706FDF}.Release|Any CPU.Build.0 = Release|Any CPU
		{3B9C8A79-7DC1-42FD-B088-0F24AEC81208}.Debug|Any CPU.ActiveCfg = Debug|Any CPU
		{3B9C8A79-7DC1-42FD-B088-0F24AEC81208}.Debug|Any CPU.Build.0 = Debug|Any CPU
		{3B9C8A79-7DC1-42FD-B088-0F24AEC81208}.Release|Any CPU.ActiveCfg = Release|Any CPU
		{3B9C8A79-7DC1-42FD-B088-0F24AEC81208}.Release|Any CPU.Build.0 = Release|Any CPU
		{15433012-4BD4-44E0-9072-8E2B93E6025F}.Debug|Any CPU.ActiveCfg = Debug|Any CPU
		{15433012-4BD4-44E0-9072-8E2B93E6025F}.Debug|Any CPU.Build.0 = Debug|Any CPU
		{15433012-4BD4-44E0-9072-8E2B93E6025F}.Release|Any CPU.ActiveCfg = Release|Any CPU
		{15433012-4BD4-44E0-9072-8E2B93E6025F}.Release|Any CPU.Build.0 = Release|Any CPU
		{6FA0B5D6-B6F7-4907-9B9A-1B2D36740BD1}.Debug|Any CPU.ActiveCfg = Debug|Any CPU
		{6FA0B5D6-B6F7-4907-9B9A-1B2D36740BD1}.Debug|Any CPU.Build.0 = Debug|Any CPU
		{6FA0B5D6-B6F7-4907-9B9A-1B2D36740BD1}.Release|Any CPU.ActiveCfg = Release|Any CPU
		{6FA0B5D6-B6F7-4907-9B9A-1B2D36740BD1}.Release|Any CPU.Build.0 = Release|Any CPU
		{D6AC0B56-D177-42B6-A9E3-617AE641C066}.Debug|Any CPU.ActiveCfg = Debug|Any CPU
		{D6AC0B56-D177-42B6-A9E3-617AE641C066}.Debug|Any CPU.Build.0 = Debug|Any CPU
		{D6AC0B56-D177-42B6-A9E3-617AE641C066}.Release|Any CPU.ActiveCfg = Release|Any CPU
		{D6AC0B56-D177-42B6-A9E3-617AE641C066}.Release|Any CPU.Build.0 = Release|Any CPU
		{E1870798-8F46-4845-B422-A9BF33262018}.Debug|Any CPU.ActiveCfg = Debug|Any CPU
		{E1870798-8F46-4845-B422-A9BF33262018}.Debug|Any CPU.Build.0 = Debug|Any CPU
		{E1870798-8F46-4845-B422-A9BF33262018}.Release|Any CPU.ActiveCfg = Release|Any CPU
		{E1870798-8F46-4845-B422-A9BF33262018}.Release|Any CPU.Build.0 = Release|Any CPU
		{0326ECF3-C6BE-4ED8-B469-8E46858981BF}.Debug|Any CPU.ActiveCfg = Debug|Any CPU
		{0326ECF3-C6BE-4ED8-B469-8E46858981BF}.Debug|Any CPU.Build.0 = Debug|Any CPU
		{0326ECF3-C6BE-4ED8-B469-8E46858981BF}.Release|Any CPU.ActiveCfg = Release|Any CPU
		{0326ECF3-C6BE-4ED8-B469-8E46858981BF}.Release|Any CPU.Build.0 = Release|Any CPU
		{8B13CA8E-9322-443C-B7BF-C90C48991421}.Debug|Any CPU.ActiveCfg = Debug|Any CPU
		{8B13CA8E-9322-443C-B7BF-C90C48991421}.Debug|Any CPU.Build.0 = Debug|Any CPU
		{8B13CA8E-9322-443C-B7BF-C90C48991421}.Release|Any CPU.ActiveCfg = Release|Any CPU
		{8B13CA8E-9322-443C-B7BF-C90C48991421}.Release|Any CPU.Build.0 = Release|Any CPU
		{0DDCAE62-3863-41E1-B891-75F0D98FA9D2}.Debug|Any CPU.ActiveCfg = Debug|Any CPU
		{0DDCAE62-3863-41E1-B891-75F0D98FA9D2}.Debug|Any CPU.Build.0 = Debug|Any CPU
		{0DDCAE62-3863-41E1-B891-75F0D98FA9D2}.Release|Any CPU.ActiveCfg = Release|Any CPU
		{0DDCAE62-3863-41E1-B891-75F0D98FA9D2}.Release|Any CPU.Build.0 = Release|Any CPU
		{9AE81902-2C67-47C1-8E1B-B7AD47CF5DCF}.Debug|Any CPU.ActiveCfg = Debug|Any CPU
		{9AE81902-2C67-47C1-8E1B-B7AD47CF5DCF}.Debug|Any CPU.Build.0 = Debug|Any CPU
		{9AE81902-2C67-47C1-8E1B-B7AD47CF5DCF}.Release|Any CPU.ActiveCfg = Release|Any CPU
		{9AE81902-2C67-47C1-8E1B-B7AD47CF5DCF}.Release|Any CPU.Build.0 = Release|Any CPU
		{D82995DA-86C2-4D97-A028-B3776A8CB888}.Debug|Any CPU.ActiveCfg = Debug|Any CPU
		{D82995DA-86C2-4D97-A028-B3776A8CB888}.Debug|Any CPU.Build.0 = Debug|Any CPU
		{D82995DA-86C2-4D97-A028-B3776A8CB888}.Release|Any CPU.ActiveCfg = Release|Any CPU
		{D82995DA-86C2-4D97-A028-B3776A8CB888}.Release|Any CPU.Build.0 = Release|Any CPU
		{05F6DE7E-1EC3-4726-8709-6FD7F70E38A9}.Debug|Any CPU.ActiveCfg = Debug|Any CPU
		{05F6DE7E-1EC3-4726-8709-6FD7F70E38A9}.Debug|Any CPU.Build.0 = Debug|Any CPU
		{05F6DE7E-1EC3-4726-8709-6FD7F70E38A9}.Release|Any CPU.ActiveCfg = Release|Any CPU
		{05F6DE7E-1EC3-4726-8709-6FD7F70E38A9}.Release|Any CPU.Build.0 = Release|Any CPU
		{C02425DE-F0DC-4C47-A125-24D8AFB2426C}.Debug|Any CPU.ActiveCfg = Debug|Any CPU
		{C02425DE-F0DC-4C47-A125-24D8AFB2426C}.Debug|Any CPU.Build.0 = Debug|Any CPU
		{C02425DE-F0DC-4C47-A125-24D8AFB2426C}.Release|Any CPU.ActiveCfg = Release|Any CPU
		{C02425DE-F0DC-4C47-A125-24D8AFB2426C}.Release|Any CPU.Build.0 = Release|Any CPU
		{E07A205D-A75E-4EA9-9D83-2113C388F0D0}.Debug|Any CPU.ActiveCfg = Debug|Any CPU
		{E07A205D-A75E-4EA9-9D83-2113C388F0D0}.Debug|Any CPU.Build.0 = Debug|Any CPU
		{E07A205D-A75E-4EA9-9D83-2113C388F0D0}.Release|Any CPU.ActiveCfg = Release|Any CPU
		{E07A205D-A75E-4EA9-9D83-2113C388F0D0}.Release|Any CPU.Build.0 = Release|Any CPU
		{4630A314-C1DC-48E6-99EF-45DE830BA991}.Debug|Any CPU.ActiveCfg = Debug|Any CPU
		{4630A314-C1DC-48E6-99EF-45DE830BA991}.Debug|Any CPU.Build.0 = Debug|Any CPU
		{4630A314-C1DC-48E6-99EF-45DE830BA991}.Release|Any CPU.ActiveCfg = Release|Any CPU
		{4630A314-C1DC-48E6-99EF-45DE830BA991}.Release|Any CPU.Build.0 = Release|Any CPU
		{AD82EBFA-0B24-4E70-857F-F6DBCA8070E0}.Debug|Any CPU.ActiveCfg = Debug|Any CPU
		{AD82EBFA-0B24-4E70-857F-F6DBCA8070E0}.Debug|Any CPU.Build.0 = Debug|Any CPU
		{AD82EBFA-0B24-4E70-857F-F6DBCA8070E0}.Release|Any CPU.ActiveCfg = Release|Any CPU
		{AD82EBFA-0B24-4E70-857F-F6DBCA8070E0}.Release|Any CPU.Build.0 = Release|Any CPU
		{26FC617A-8DE6-40A5-86F6-22F01C13B71B}.Debug|Any CPU.ActiveCfg = Debug|Any CPU
		{26FC617A-8DE6-40A5-86F6-22F01C13B71B}.Debug|Any CPU.Build.0 = Debug|Any CPU
		{26FC617A-8DE6-40A5-86F6-22F01C13B71B}.Release|Any CPU.ActiveCfg = Release|Any CPU
		{26FC617A-8DE6-40A5-86F6-22F01C13B71B}.Release|Any CPU.Build.0 = Release|Any CPU
		{BC1D719F-0E47-49C3-8A27-42E3004766C3}.Debug|Any CPU.ActiveCfg = Debug|Any CPU
		{BC1D719F-0E47-49C3-8A27-42E3004766C3}.Debug|Any CPU.Build.0 = Debug|Any CPU
		{BC1D719F-0E47-49C3-8A27-42E3004766C3}.Release|Any CPU.ActiveCfg = Release|Any CPU
		{BC1D719F-0E47-49C3-8A27-42E3004766C3}.Release|Any CPU.Build.0 = Release|Any CPU
		{ED1C00AF-3D39-4544-B1F0-9984BF18534C}.Debug|Any CPU.ActiveCfg = Debug|Any CPU
		{ED1C00AF-3D39-4544-B1F0-9984BF18534C}.Debug|Any CPU.Build.0 = Debug|Any CPU
		{ED1C00AF-3D39-4544-B1F0-9984BF18534C}.Release|Any CPU.ActiveCfg = Release|Any CPU
		{ED1C00AF-3D39-4544-B1F0-9984BF18534C}.Release|Any CPU.Build.0 = Release|Any CPU
		{0AAD5A7C-104B-4EED-A708-E1EA202AC140}.Debug|Any CPU.ActiveCfg = Debug|Any CPU
		{0AAD5A7C-104B-4EED-A708-E1EA202AC140}.Debug|Any CPU.Build.0 = Debug|Any CPU
		{0AAD5A7C-104B-4EED-A708-E1EA202AC140}.Release|Any CPU.ActiveCfg = Release|Any CPU
		{0AAD5A7C-104B-4EED-A708-E1EA202AC140}.Release|Any CPU.Build.0 = Release|Any CPU
		{7442CDC2-23FF-4C20-9493-1671242678B7}.Debug|Any CPU.ActiveCfg = Debug|Any CPU
		{7442CDC2-23FF-4C20-9493-1671242678B7}.Debug|Any CPU.Build.0 = Debug|Any CPU
		{7442CDC2-23FF-4C20-9493-1671242678B7}.Release|Any CPU.ActiveCfg = Release|Any CPU
		{7442CDC2-23FF-4C20-9493-1671242678B7}.Release|Any CPU.Build.0 = Release|Any CPU
		{E5DA9AF2-8672-4F6C-8B38-6B8FE8DE07BB}.Debug|Any CPU.ActiveCfg = Debug|Any CPU
		{E5DA9AF2-8672-4F6C-8B38-6B8FE8DE07BB}.Debug|Any CPU.Build.0 = Debug|Any CPU
		{E5DA9AF2-8672-4F6C-8B38-6B8FE8DE07BB}.Release|Any CPU.ActiveCfg = Release|Any CPU
		{E5DA9AF2-8672-4F6C-8B38-6B8FE8DE07BB}.Release|Any CPU.Build.0 = Release|Any CPU
		{7DA6BC3D-D79C-496E-871D-3987680946DE}.Debug|Any CPU.ActiveCfg = Debug|Any CPU
		{7DA6BC3D-D79C-496E-871D-3987680946DE}.Debug|Any CPU.Build.0 = Debug|Any CPU
		{7DA6BC3D-D79C-496E-871D-3987680946DE}.Release|Any CPU.ActiveCfg = Release|Any CPU
		{7DA6BC3D-D79C-496E-871D-3987680946DE}.Release|Any CPU.Build.0 = Release|Any CPU
		{DEF48947-51BC-4CB0-BE9B-13BEF7916AD6}.Debug|Any CPU.ActiveCfg = Debug|Any CPU
		{DEF48947-51BC-4CB0-BE9B-13BEF7916AD6}.Debug|Any CPU.Build.0 = Debug|Any CPU
		{DEF48947-51BC-4CB0-BE9B-13BEF7916AD6}.Release|Any CPU.ActiveCfg = Release|Any CPU
		{DEF48947-51BC-4CB0-BE9B-13BEF7916AD6}.Release|Any CPU.Build.0 = Release|Any CPU
		{A025048E-28EC-41AC-95E1-18E3CF68B5AF}.Debug|Any CPU.ActiveCfg = Debug|Any CPU
		{A025048E-28EC-41AC-95E1-18E3CF68B5AF}.Debug|Any CPU.Build.0 = Debug|Any CPU
		{A025048E-28EC-41AC-95E1-18E3CF68B5AF}.Release|Any CPU.ActiveCfg = Release|Any CPU
		{A025048E-28EC-41AC-95E1-18E3CF68B5AF}.Release|Any CPU.Build.0 = Release|Any CPU
		{8532D267-B549-4156-9B64-30F38192CD40}.Debug|Any CPU.ActiveCfg = Debug|Any CPU
		{8532D267-B549-4156-9B64-30F38192CD40}.Debug|Any CPU.Build.0 = Debug|Any CPU
		{8532D267-B549-4156-9B64-30F38192CD40}.Release|Any CPU.ActiveCfg = Release|Any CPU
		{8532D267-B549-4156-9B64-30F38192CD40}.Release|Any CPU.Build.0 = Release|Any CPU
		{A61B8017-0DC4-4F0B-A481-608BF75B397C}.Debug|Any CPU.ActiveCfg = Debug|Any CPU
		{A61B8017-0DC4-4F0B-A481-608BF75B397C}.Debug|Any CPU.Build.0 = Debug|Any CPU
		{A61B8017-0DC4-4F0B-A481-608BF75B397C}.Release|Any CPU.ActiveCfg = Release|Any CPU
		{A61B8017-0DC4-4F0B-A481-608BF75B397C}.Release|Any CPU.Build.0 = Release|Any CPU
		{168A95A8-DAE3-4B50-A206-4545334F4C8D}.Debug|Any CPU.ActiveCfg = Debug|Any CPU
		{168A95A8-DAE3-4B50-A206-4545334F4C8D}.Debug|Any CPU.Build.0 = Debug|Any CPU
		{168A95A8-DAE3-4B50-A206-4545334F4C8D}.Release|Any CPU.ActiveCfg = Release|Any CPU
		{168A95A8-DAE3-4B50-A206-4545334F4C8D}.Release|Any CPU.Build.0 = Release|Any CPU
		{D773FB97-70E3-4A00-B190-78574A5C1579}.Debug|Any CPU.ActiveCfg = Debug|Any CPU
		{D773FB97-70E3-4A00-B190-78574A5C1579}.Debug|Any CPU.Build.0 = Debug|Any CPU
		{D773FB97-70E3-4A00-B190-78574A5C1579}.Release|Any CPU.ActiveCfg = Release|Any CPU
		{D773FB97-70E3-4A00-B190-78574A5C1579}.Release|Any CPU.Build.0 = Release|Any CPU
		{A3EE370D-6359-4C97-B7D2-94F4107CA8F8}.Debug|Any CPU.ActiveCfg = Debug|Any CPU
		{A3EE370D-6359-4C97-B7D2-94F4107CA8F8}.Debug|Any CPU.Build.0 = Debug|Any CPU
		{A3EE370D-6359-4C97-B7D2-94F4107CA8F8}.Release|Any CPU.ActiveCfg = Release|Any CPU
		{A3EE370D-6359-4C97-B7D2-94F4107CA8F8}.Release|Any CPU.Build.0 = Release|Any CPU
		{BAAC70DA-00F0-4B06-A30D-F141EE9F23FB}.Debug|Any CPU.ActiveCfg = Debug|Any CPU
		{BAAC70DA-00F0-4B06-A30D-F141EE9F23FB}.Debug|Any CPU.Build.0 = Debug|Any CPU
		{BAAC70DA-00F0-4B06-A30D-F141EE9F23FB}.Release|Any CPU.ActiveCfg = Release|Any CPU
		{BAAC70DA-00F0-4B06-A30D-F141EE9F23FB}.Release|Any CPU.Build.0 = Release|Any CPU
		{8E9C0E53-7FCA-4A7C-ABD9-C89DC6B74857}.Debug|Any CPU.ActiveCfg = Debug|Any CPU
		{8E9C0E53-7FCA-4A7C-ABD9-C89DC6B74857}.Debug|Any CPU.Build.0 = Debug|Any CPU
		{8E9C0E53-7FCA-4A7C-ABD9-C89DC6B74857}.Release|Any CPU.ActiveCfg = Release|Any CPU
		{8E9C0E53-7FCA-4A7C-ABD9-C89DC6B74857}.Release|Any CPU.Build.0 = Release|Any CPU
		{5A9FBD65-C655-4348-B970-0880CBB402F5}.Debug|Any CPU.ActiveCfg = Debug|Any CPU
		{5A9FBD65-C655-4348-B970-0880CBB402F5}.Debug|Any CPU.Build.0 = Debug|Any CPU
		{5A9FBD65-C655-4348-B970-0880CBB402F5}.Release|Any CPU.ActiveCfg = Release|Any CPU
		{5A9FBD65-C655-4348-B970-0880CBB402F5}.Release|Any CPU.Build.0 = Release|Any CPU
	EndGlobalSection
	GlobalSection(SolutionProperties) = preSolution
		HideSolutionNode = FALSE
	EndGlobalSection
	GlobalSection(NestedProjects) = preSolution
		{0D9DD051-0482-4215-927E-75C03241442C} = {6881418A-9CE1-40E0-BB5B-844B4A0E6CA8}
		{6BD23568-9CA8-42F6-B4F6-4C7453B2E12B} = {6881418A-9CE1-40E0-BB5B-844B4A0E6CA8}
		{386AE657-33CA-4EB8-8C02-07C9D7EF9588} = {6881418A-9CE1-40E0-BB5B-844B4A0E6CA8}
		{E6EEBEBE-D994-4C86-873C-D1BC6A41A441} = {6881418A-9CE1-40E0-BB5B-844B4A0E6CA8}
		{1A810E8F-BF39-4E6F-A926-4A5E3C2AF1ED} = {6881418A-9CE1-40E0-BB5B-844B4A0E6CA8}
		{111FAF5A-99D3-4816-ABA2-6E8773EF4E3D} = {6881418A-9CE1-40E0-BB5B-844B4A0E6CA8}
		{5DE9D987-EB57-48F0-89D0-E5303A249700} = {6881418A-9CE1-40E0-BB5B-844B4A0E6CA8}
		{598238B6-8CA5-4462-AEF3-530F308EE45D} = {6881418A-9CE1-40E0-BB5B-844B4A0E6CA8}
		{46A50153-7325-458B-B36C-0C0966AF8A73} = {6881418A-9CE1-40E0-BB5B-844B4A0E6CA8}
		{A4F1E7C6-6271-4241-B683-D514C1F36171} = {6881418A-9CE1-40E0-BB5B-844B4A0E6CA8}
		{0F949C2B-443B-4964-B563-C2C3529CC60A} = {6881418A-9CE1-40E0-BB5B-844B4A0E6CA8}
		{E425EB86-4EEB-4D28-BA86-90C67197E32F} = {6881418A-9CE1-40E0-BB5B-844B4A0E6CA8}
		{A091A979-7D51-4ED3-B2AD-2FD6EFBFA1A2} = {0D9DD051-0482-4215-927E-75C03241442C}
		{547C938D-3F21-4F80-9FF7-08C698A2CF81} = {0D9DD051-0482-4215-927E-75C03241442C}
		{89AED65E-C1F1-49BF-B73E-3DB4E6757EBE} = {0D9DD051-0482-4215-927E-75C03241442C}
		{B08104F4-5607-42CA-ABD8-D8AF8F61C556} = {0D9DD051-0482-4215-927E-75C03241442C}
		{456F7F98-620F-44A0-B7F9-714017EB8CFA} = {6BD23568-9CA8-42F6-B4F6-4C7453B2E12B}
		{3954810F-1DF6-492F-96BB-88552E31448E} = {6BD23568-9CA8-42F6-B4F6-4C7453B2E12B}
		{1986817A-220A-4BB0-9446-34EE45706FDF} = {386AE657-33CA-4EB8-8C02-07C9D7EF9588}
		{3B9C8A79-7DC1-42FD-B088-0F24AEC81208} = {386AE657-33CA-4EB8-8C02-07C9D7EF9588}
		{15433012-4BD4-44E0-9072-8E2B93E6025F} = {386AE657-33CA-4EB8-8C02-07C9D7EF9588}
		{6FA0B5D6-B6F7-4907-9B9A-1B2D36740BD1} = {386AE657-33CA-4EB8-8C02-07C9D7EF9588}
		{D6AC0B56-D177-42B6-A9E3-617AE641C066} = {386AE657-33CA-4EB8-8C02-07C9D7EF9588}
		{E1870798-8F46-4845-B422-A9BF33262018} = {386AE657-33CA-4EB8-8C02-07C9D7EF9588}
		{0326ECF3-C6BE-4ED8-B469-8E46858981BF} = {386AE657-33CA-4EB8-8C02-07C9D7EF9588}
		{8B13CA8E-9322-443C-B7BF-C90C48991421} = {E6EEBEBE-D994-4C86-873C-D1BC6A41A441}
		{0DDCAE62-3863-41E1-B891-75F0D98FA9D2} = {E6EEBEBE-D994-4C86-873C-D1BC6A41A441}
		{9AE81902-2C67-47C1-8E1B-B7AD47CF5DCF} = {E6EEBEBE-D994-4C86-873C-D1BC6A41A441}
		{D82995DA-86C2-4D97-A028-B3776A8CB888} = {1A810E8F-BF39-4E6F-A926-4A5E3C2AF1ED}
		{05F6DE7E-1EC3-4726-8709-6FD7F70E38A9} = {1A810E8F-BF39-4E6F-A926-4A5E3C2AF1ED}
		{C02425DE-F0DC-4C47-A125-24D8AFB2426C} = {111FAF5A-99D3-4816-ABA2-6E8773EF4E3D}
		{E07A205D-A75E-4EA9-9D83-2113C388F0D0} = {111FAF5A-99D3-4816-ABA2-6E8773EF4E3D}
		{4630A314-C1DC-48E6-99EF-45DE830BA991} = {111FAF5A-99D3-4816-ABA2-6E8773EF4E3D}
		{AD82EBFA-0B24-4E70-857F-F6DBCA8070E0} = {5DE9D987-EB57-48F0-89D0-E5303A249700}
		{26FC617A-8DE6-40A5-86F6-22F01C13B71B} = {5DE9D987-EB57-48F0-89D0-E5303A249700}
		{BC1D719F-0E47-49C3-8A27-42E3004766C3} = {598238B6-8CA5-4462-AEF3-530F308EE45D}
		{ED1C00AF-3D39-4544-B1F0-9984BF18534C} = {598238B6-8CA5-4462-AEF3-530F308EE45D}
		{0AAD5A7C-104B-4EED-A708-E1EA202AC140} = {598238B6-8CA5-4462-AEF3-530F308EE45D}
		{7442CDC2-23FF-4C20-9493-1671242678B7} = {46A50153-7325-458B-B36C-0C0966AF8A73}
		{E5DA9AF2-8672-4F6C-8B38-6B8FE8DE07BB} = {46A50153-7325-458B-B36C-0C0966AF8A73}
		{7DA6BC3D-D79C-496E-871D-3987680946DE} = {A4F1E7C6-6271-4241-B683-D514C1F36171}
		{DEF48947-51BC-4CB0-BE9B-13BEF7916AD6} = {A4F1E7C6-6271-4241-B683-D514C1F36171}
		{A025048E-28EC-41AC-95E1-18E3CF68B5AF} = {A4F1E7C6-6271-4241-B683-D514C1F36171}
		{8532D267-B549-4156-9B64-30F38192CD40} = {A4F1E7C6-6271-4241-B683-D514C1F36171}
		{A61B8017-0DC4-4F0B-A481-608BF75B397C} = {0F949C2B-443B-4964-B563-C2C3529CC60A}
		{168A95A8-DAE3-4B50-A206-4545334F4C8D} = {0F949C2B-443B-4964-B563-C2C3529CC60A}
		{D773FB97-70E3-4A00-B190-78574A5C1579} = {0F949C2B-443B-4964-B563-C2C3529CC60A}
		{A3EE370D-6359-4C97-B7D2-94F4107CA8F8} = {0F949C2B-443B-4964-B563-C2C3529CC60A}
		{BAAC70DA-00F0-4B06-A30D-F141EE9F23FB} = {0F949C2B-443B-4964-B563-C2C3529CC60A}
		{8E9C0E53-7FCA-4A7C-ABD9-C89DC6B74857} = {E425EB86-4EEB-4D28-BA86-90C67197E32F}
		{5A9FBD65-C655-4348-B970-0880CBB402F5} = {E425EB86-4EEB-4D28-BA86-90C67197E32F}
	EndGlobalSection
EndGlobal
